
Microsoft Visual Studio Solution File, Format Version 12.00
# Visual Studio Version 16
VisualStudioVersion = 16.0.31729.503
MinimumVisualStudioVersion = 10.0.40219.1
Project("{FAE04EC0-301F-11D3-BF4B-00C04F79EFBC}") = "Sabatomic_Interface", "Sabatomic_Interface\Sabatomic_Interface.csproj", "{86AA2EB7-4383-47BE-81AB-F9F19F75B551}"
EndProject
Global
	GlobalSection(SolutionConfigurationPlatforms) = preSolution
		Debug|Any CPU = Debug|Any CPU
		Release|Any CPU = Release|Any CPU
	EndGlobalSection
	GlobalSection(ProjectConfigurationPlatforms) = postSolution
		{86AA2EB7-4383-47BE-81AB-F9F19F75B551}.Debug|Any CPU.ActiveCfg = Debug|Any CPU
		{86AA2EB7-4383-47BE-81AB-F9F19F75B551}.Debug|Any CPU.Build.0 = Debug|Any CPU
		{86AA2EB7-4383-47BE-81AB-F9F19F75B551}.Release|Any CPU.ActiveCfg = Release|Any CPU
		{86AA2EB7-4383-47BE-81AB-F9F19F75B551}.Release|Any CPU.Build.0 = Release|Any CPU
	EndGlobalSection
	GlobalSection(SolutionProperties) = preSolution
		HideSolutionNode = FALSE
	EndGlobalSection
	GlobalSection(ExtensibilityGlobals) = postSolution
		SolutionGuid = {D96F1653-464B-4570-9EA2-BB3AD8A0E060}
	EndGlobalSection
EndGlobal
