
Microsoft Visual Studio Solution File, Format Version 12.00
# Visual Studio Version 16
VisualStudioVersion = 16.0.31624.102
MinimumVisualStudioVersion = 10.0.40219.1
Project("{FAE04EC0-301F-11D3-BF4B-00C04F79EFBC}") = "WPF(Subatomic v2)", "WPF(Subatomic v2).csproj", "{105D9C5F-13EF-44D2-B663-8ABB90A68167}"
EndProject
Global
	GlobalSection(SolutionConfigurationPlatforms) = preSolution
		Debug|Any CPU = Debug|Any CPU
		Release|Any CPU = Release|Any CPU
	EndGlobalSection
	GlobalSection(ProjectConfigurationPlatforms) = postSolution
		{105D9C5F-13EF-44D2-B663-8ABB90A68167}.Debug|Any CPU.ActiveCfg = Debug|Any CPU
		{105D9C5F-13EF-44D2-B663-8ABB90A68167}.Debug|Any CPU.Build.0 = Debug|Any CPU
		{105D9C5F-13EF-44D2-B663-8ABB90A68167}.Release|Any CPU.ActiveCfg = Release|Any CPU
		{105D9C5F-13EF-44D2-B663-8ABB90A68167}.Release|Any CPU.Build.0 = Release|Any CPU
	EndGlobalSection
	GlobalSection(SolutionProperties) = preSolution
		HideSolutionNode = FALSE
	EndGlobalSection
	GlobalSection(ExtensibilityGlobals) = postSolution
		SolutionGuid = {A95A4C90-ED79-4D0C-BBB9-42B3291865B6}
	EndGlobalSection
EndGlobal
